
Microsoft Visual Studio Solution File, Format Version 12.00
# Visual Studio 14
VisualStudioVersion = 14.0.24720.0
MinimumVisualStudioVersion = 10.0.40219.1
Project("{FAE04EC0-301F-11D3-BF4B-00C04F79EFBC}") = "DP1H", "DP1H\DP1H.csproj", "{1F553FDF-13B6-44DF-AEBE-F9D309B305FA}"
EndProject
Project("{FAE04EC0-301F-11D3-BF4B-00C04F79EFBC}") = "GateTest", "GateTest\GateTest.csproj", "{8ADCF68D-DBCB-4817-87F5-5E5531FA2200}"
EndProject
Global
	GlobalSection(SolutionConfigurationPlatforms) = preSolution
		Debug|Any CPU = Debug|Any CPU
		Release|Any CPU = Release|Any CPU
	EndGlobalSection
	GlobalSection(ProjectConfigurationPlatforms) = postSolution
		{1F553FDF-13B6-44DF-AEBE-F9D309B305FA}.Debug|Any CPU.ActiveCfg = Debug|Any CPU
		{1F553FDF-13B6-44DF-AEBE-F9D309B305FA}.Debug|Any CPU.Build.0 = Debug|Any CPU
		{1F553FDF-13B6-44DF-AEBE-F9D309B305FA}.Release|Any CPU.ActiveCfg = Release|Any CPU
		{1F553FDF-13B6-44DF-AEBE-F9D309B305FA}.Release|Any CPU.Build.0 = Release|Any CPU
		{8ADCF68D-DBCB-4817-87F5-5E5531FA2200}.Debug|Any CPU.ActiveCfg = Debug|Any CPU
		{8ADCF68D-DBCB-4817-87F5-5E5531FA2200}.Debug|Any CPU.Build.0 = Debug|Any CPU
		{8ADCF68D-DBCB-4817-87F5-5E5531FA2200}.Release|Any CPU.ActiveCfg = Release|Any CPU
		{8ADCF68D-DBCB-4817-87F5-5E5531FA2200}.Release|Any CPU.Build.0 = Release|Any CPU
	EndGlobalSection
	GlobalSection(SolutionProperties) = preSolution
		HideSolutionNode = FALSE
	EndGlobalSection
EndGlobal
